
Microsoft Visual Studio Solution File, Format Version 12.00
# Visual Studio Version 16
VisualStudioVersion = 16.0.28729.10
MinimumVisualStudioVersion = 10.0.40219.1
Project("{9A19103F-16F7-4668-BE54-9A1E7A4F7556}") = "Task1", "Task1\Task1.csproj", "{7859A089-9B73-4890-806A-1952505866D9}"
EndProject
Project("{FAE04EC0-301F-11D3-BF4B-00C04F79EFBC}") = "Task2", "Task2\Task2.csproj", "{092A3629-55DC-4B0A-B6B2-70B7FB05A94D}"
EndProject
Project("{9A19103F-16F7-4668-BE54-9A1E7A4F7556}") = "Task4", "Task4\Task4.csproj", "{EFA40D6F-FE2D-4493-88B8-73511AEA3C59}"
EndProject
Project("{FAE04EC0-301F-11D3-BF4B-00C04F79EFBC}") = "Task3", "Task3\Task3.csproj", "{05D11946-339B-4548-B238-FBD36FA8C28B}"
EndProject
Project("{FAE04EC0-301F-11D3-BF4B-00C04F79EFBC}") = "Task5", "Task5\Task5.csproj", "{5F8A3348-676B-4FC3-935A-9B2C8A2B814E}"
EndProject
Project("{FAE04EC0-301F-11D3-BF4B-00C04F79EFBC}") = "Task8", "Task8\Task8.csproj", "{7A12F575-F960-43FA-AC10-01B77ED7B3C1}"
EndProject
Project("{FAE04EC0-301F-11D3-BF4B-00C04F79EFBC}") = "Task7", "Task7\Task7.csproj", "{910FEB8A-FAF4-4230-974F-FE1E2BEFDB6F}"
EndProject
Global
	GlobalSection(SolutionConfigurationPlatforms) = preSolution
		Debug|Any CPU = Debug|Any CPU
		Release|Any CPU = Release|Any CPU
	EndGlobalSection
	GlobalSection(ProjectConfigurationPlatforms) = postSolution
		{7859A089-9B73-4890-806A-1952505866D9}.Debug|Any CPU.ActiveCfg = Debug|Any CPU
		{7859A089-9B73-4890-806A-1952505866D9}.Debug|Any CPU.Build.0 = Debug|Any CPU
		{7859A089-9B73-4890-806A-1952505866D9}.Release|Any CPU.ActiveCfg = Release|Any CPU
		{7859A089-9B73-4890-806A-1952505866D9}.Release|Any CPU.Build.0 = Release|Any CPU
		{092A3629-55DC-4B0A-B6B2-70B7FB05A94D}.Debug|Any CPU.ActiveCfg = Debug|Any CPU
		{092A3629-55DC-4B0A-B6B2-70B7FB05A94D}.Debug|Any CPU.Build.0 = Debug|Any CPU
		{092A3629-55DC-4B0A-B6B2-70B7FB05A94D}.Release|Any CPU.ActiveCfg = Release|Any CPU
		{092A3629-55DC-4B0A-B6B2-70B7FB05A94D}.Release|Any CPU.Build.0 = Release|Any CPU
		{EFA40D6F-FE2D-4493-88B8-73511AEA3C59}.Debug|Any CPU.ActiveCfg = Debug|Any CPU
		{EFA40D6F-FE2D-4493-88B8-73511AEA3C59}.Debug|Any CPU.Build.0 = Debug|Any CPU
		{EFA40D6F-FE2D-4493-88B8-73511AEA3C59}.Release|Any CPU.ActiveCfg = Release|Any CPU
		{EFA40D6F-FE2D-4493-88B8-73511AEA3C59}.Release|Any CPU.Build.0 = Release|Any CPU
		{05D11946-339B-4548-B238-FBD36FA8C28B}.Debug|Any CPU.ActiveCfg = Debug|Any CPU
		{05D11946-339B-4548-B238-FBD36FA8C28B}.Debug|Any CPU.Build.0 = Debug|Any CPU
		{05D11946-339B-4548-B238-FBD36FA8C28B}.Release|Any CPU.ActiveCfg = Release|Any CPU
		{05D11946-339B-4548-B238-FBD36FA8C28B}.Release|Any CPU.Build.0 = Release|Any CPU
		{5F8A3348-676B-4FC3-935A-9B2C8A2B814E}.Debug|Any CPU.ActiveCfg = Debug|Any CPU
		{5F8A3348-676B-4FC3-935A-9B2C8A2B814E}.Debug|Any CPU.Build.0 = Debug|Any CPU
		{5F8A3348-676B-4FC3-935A-9B2C8A2B814E}.Release|Any CPU.ActiveCfg = Release|Any CPU
		{5F8A3348-676B-4FC3-935A-9B2C8A2B814E}.Release|Any CPU.Build.0 = Release|Any CPU
		{7A12F575-F960-43FA-AC10-01B77ED7B3C1}.Debug|Any CPU.ActiveCfg = Debug|Any CPU
		{7A12F575-F960-43FA-AC10-01B77ED7B3C1}.Debug|Any CPU.Build.0 = Debug|Any CPU
		{7A12F575-F960-43FA-AC10-01B77ED7B3C1}.Release|Any CPU.ActiveCfg = Release|Any CPU
		{7A12F575-F960-43FA-AC10-01B77ED7B3C1}.Release|Any CPU.Build.0 = Release|Any CPU
		{910FEB8A-FAF4-4230-974F-FE1E2BEFDB6F}.Debug|Any CPU.ActiveCfg = Debug|Any CPU
		{910FEB8A-FAF4-4230-974F-FE1E2BEFDB6F}.Debug|Any CPU.Build.0 = Debug|Any CPU
		{910FEB8A-FAF4-4230-974F-FE1E2BEFDB6F}.Release|Any CPU.ActiveCfg = Release|Any CPU
		{910FEB8A-FAF4-4230-974F-FE1E2BEFDB6F}.Release|Any CPU.Build.0 = Release|Any CPU
	EndGlobalSection
	GlobalSection(SolutionProperties) = preSolution
		HideSolutionNode = FALSE
	EndGlobalSection
	GlobalSection(ExtensibilityGlobals) = postSolution
		SolutionGuid = {0062D920-8DAC-4109-868F-84551518E8B4}
	EndGlobalSection
EndGlobal
